lockfileVersion: '6.0'

settings:
  autoInstallPeers: true
  excludeLinksFromLockfile: false

dependencies:
  mock-fs:
    specifier: 5.2.0
    version: 5.2.0

packages:

  /mock-fs@5.2.0:
    resolution: {integrity: sha512-2dF2R6YMSZbpip1V1WHKGLNjr/k48uQClqMVb5H3MOvwc9qhYis3/IWbj02qIg/Y8MDXKFF4c5v0rxx2o6xTZw==}
    engines: {node: '>=12.0.0'}
    dev: false
